
Microsoft Visual Studio Solution File, Format Version 12.00
# Visual Studio Version 17
VisualStudioVersion = 17.8.34004.107
MinimumVisualStudioVersion = 10.0.40219.1
Project("{FAE04EC0-301F-11D3-BF4B-00C04F79EFBC}") = "WhiteLagoon.Web", "WhiteLagoon.Web\WhiteLagoon.Web.csproj", "{A054D8BA-77E9-4AC1-83B6-B79657764190}"
EndProject
Global
	GlobalSection(SolutionConfigurationPlatforms) = preSolution
		Debug|Any CPU = Debug|Any CPU
		Release|Any CPU = Release|Any CPU
	EndGlobalSection
	GlobalSection(ProjectConfigurationPlatforms) = postSolution
		{A054D8BA-77E9-4AC1-83B6-B79657764190}.Debug|Any CPU.ActiveCfg = Debug|Any CPU
		{A054D8BA-77E9-4AC1-83B6-B79657764190}.Debug|Any CPU.Build.0 = Debug|Any CPU
		{A054D8BA-77E9-4AC1-83B6-B79657764190}.Release|Any CPU.ActiveCfg = Release|Any CPU
		{A054D8BA-77E9-4AC1-83B6-B79657764190}.Release|Any CPU.Build.0 = Release|Any CPU
	EndGlobalSection
	GlobalSection(SolutionProperties) = preSolution
		HideSolutionNode = FALSE
	EndGlobalSection
	GlobalSection(ExtensibilityGlobals) = postSolution
		SolutionGuid = {4ACB744D-423A-41AB-9F78-050F8F27CF27}
	EndGlobalSection
EndGlobal
